
Microsoft Visual Studio Solution File, Format Version 12.00
# Visual Studio 2012
Project("{FAE04EC0-301F-11D3-BF4B-00C04F79EFBC}") = "ParticleSwarmLibrary", "ParticleSwarm\ParticleSwarmLibrary.csproj", "{97B6E273-EDB3-4C69-87BE-F1EF2B1438A4}"
EndProject
Project("{FAE04EC0-301F-11D3-BF4B-00C04F79EFBC}") = "PSO_Example", "PSO_Example\PSO_Example.csproj", "{70FCD127-5382-4B60-8EA3-F223A8B60414}"
EndProject
Global
	GlobalSection(SolutionConfigurationPlatforms) = preSolution
		Debug|Any CPU = Debug|Any CPU
		Release|Any CPU = Release|Any CPU
	EndGlobalSection
	GlobalSection(ProjectConfigurationPlatforms) = postSolution
		{97B6E273-EDB3-4C69-87BE-F1EF2B1438A4}.Debug|Any CPU.ActiveCfg = Debug|Any CPU
		{97B6E273-EDB3-4C69-87BE-F1EF2B1438A4}.Debug|Any CPU.Build.0 = Debug|Any CPU
		{97B6E273-EDB3-4C69-87BE-F1EF2B1438A4}.Release|Any CPU.ActiveCfg = Release|Any CPU
		{97B6E273-EDB3-4C69-87BE-F1EF2B1438A4}.Release|Any CPU.Build.0 = Release|Any CPU
		{70FCD127-5382-4B60-8EA3-F223A8B60414}.Debug|Any CPU.ActiveCfg = Debug|Any CPU
		{70FCD127-5382-4B60-8EA3-F223A8B60414}.Debug|Any CPU.Build.0 = Debug|Any CPU
		{70FCD127-5382-4B60-8EA3-F223A8B60414}.Release|Any CPU.ActiveCfg = Release|Any CPU
		{70FCD127-5382-4B60-8EA3-F223A8B60414}.Release|Any CPU.Build.0 = Release|Any CPU
	EndGlobalSection
	GlobalSection(SolutionProperties) = preSolution
		HideSolutionNode = FALSE
	EndGlobalSection
EndGlobal
